// !$*UTF8*$!
{
	archiveVersion = 1;
	classes = {
	};
	objectVersion = 56;
	objects = {

/* Begin PBXBuildFile section */
		DF4CDC4F2A0DD0E700AB38BA /* DummyViewController.swift in Sources */ = {isa = PBXBuildFile; fileRef = DF4CDC4E2A0DD0E600AB38BA /* DummyViewController.swift */; };
		DF4CDC522A0DD85A00AB38BA /* LocalState.swift in Sources */ = {isa = PBXBuildFile; fileRef = DF4CDC512A0DD85A00AB38BA /* LocalState.swift */; };
		DFD1356229DCCE7C00607706 /* OnboardingContainerViewController.swift in Sources */ = {isa = PBXBuildFile; fileRef = DFD1356129DCCE7C00607706 /* OnboardingContainerViewController.swift */; };
		DFD1356429DD0B4B00607706 /* OnboardingViewController.swift in Sources */ = {isa = PBXBuildFile; fileRef = DFD1356329DD0B4B00607706 /* OnboardingViewController.swift */; };
		DFF5274929DBF051006B8558 /* AppDelegate.swift in Sources */ = {isa = PBXBuildFile; fileRef = DFF5274829DBF051006B8558 /* AppDelegate.swift */; };
		DFF5274D29DBF051006B8558 /* LoginViewController.swift in Sources */ = {isa = PBXBuildFile; fileRef = DFF5274C29DBF051006B8558 /* LoginViewController.swift */; };
		DFF5275229DBF052006B8558 /* Assets.xcassets in Resources */ = {isa = PBXBuildFile; fileRef = DFF5275129DBF052006B8558 /* Assets.xcassets */; };
		DFF5275529DBF052006B8558 /* LaunchScreen.storyboard in Resources */ = {isa = PBXBuildFile; fileRef = DFF5275329DBF052006B8558 /* LaunchScreen.storyboard */; };
		DFF5275F29DBF145006B8558 /* LoginView.swift in Sources */ = {isa = PBXBuildFile; fileRef = DFF5275E29DBF145006B8558 /* LoginView.swift */; };
/* End PBXBuildFile section */

/* Begin PBXFileReference section */
		DF4CDC4E2A0DD0E600AB38BA /* DummyViewController.swift */ = {isa = PBXFileReference; lastKnownFileType = sourcecode.swift; path = DummyViewController.swift; sourceTree = "<group>"; };
		DF4CDC512A0DD85A00AB38BA /* LocalState.swift */ = {isa = PBXFileReference; lastKnownFileType = sourcecode.swift; path = LocalState.swift; sourceTree = "<group>"; };
		DFD1356129DCCE7C00607706 /* OnboardingContainerViewController.swift */ = {isa = PBXFileReference; lastKnownFileType = sourcecode.swift; path = OnboardingContainerViewController.swift; sourceTree = "<group>"; };
		DFD1356329DD0B4B00607706 /* OnboardingViewController.swift */ = {isa = PBXFileReference; lastKnownFileType = sourcecode.swift; path = OnboardingViewController.swift; sourceTree = "<group>"; };
		DFF5274529DBF051006B8558 /* Bankey.app */ = {isa = PBXFileReference; explicitFileType = wrapper.application; includeInIndex = 0; path = Bankey.app; sourceTree = BUILT_PRODUCTS_DIR; };
		DFF5274829DBF051006B8558 /* AppDelegate.swift */ = {isa = PBXFileReference; lastKnownFileType = sourcecode.swift; path = AppDelegate.swift; sourceTree = "<group>"; };
		DFF5274C29DBF051006B8558 /* LoginViewController.swift */ = {isa = PBXFileReference; lastKnownFileType = sourcecode.swift; path = LoginViewController.swift; sourceTree = "<group>"; };
		DFF5275129DBF052006B8558 /* Assets.xcassets */ = {isa = PBXFileReference; lastKnownFileType = folder.assetcatalog; path = Assets.xcassets; sourceTree = "<group>"; };
		DFF5275429DBF052006B8558 /* Base */ = {isa = PBXFileReference; lastKnownFileType = file.storyboard; name = Base; path = Base.lproj/LaunchScreen.storyboard; sourceTree = "<group>"; };
		DFF5275629DBF052006B8558 /* Info.plist */ = {isa = PBXFileReference; lastKnownFileType = text.plist.xml; path = Info.plist; sourceTree = "<group>"; };
		DFF5275E29DBF145006B8558 /* LoginView.swift */ = {isa = PBXFileReference; lastKnownFileType = sourcecode.swift; path = LoginView.swift; sourceTree = "<group>"; };
/* End PBXFileReference section */

/* Begin PBXFrameworksBuildPhase section */
		DFF5274229DBF051006B8558 /* Frameworks */ = {
			isa = PBXFrameworksBuildPhase;
			buildActionMask = 2147483647;
			files = (
			);
			runOnlyForDeploymentPostprocessing = 0;
		};
/* End PBXFrameworksBuildPhase section */

/* Begin PBXGroup section */
		DF4CDC502A0DD84800AB38BA /* Utils */ = {
			isa = PBXGroup;
			children = (
				DF4CDC512A0DD85A00AB38BA /* LocalState.swift */,
			);
			path = Utils;
			sourceTree = "<group>";
		};
		DFD1356029DCCE5000607706 /* Onboarding */ = {
			isa = PBXGroup;
			children = (
				DFD1356129DCCE7C00607706 /* OnboardingContainerViewController.swift */,
				DFD1356329DD0B4B00607706 /* OnboardingViewController.swift */,
			);
			path = Onboarding;
			sourceTree = "<group>";
		};
		DFF5273C29DBF051006B8558 = {
			isa = PBXGroup;
			children = (
				DFF5274729DBF051006B8558 /* Bankey */,
				DFF5274629DBF051006B8558 /* Products */,
			);
			sourceTree = "<group>";
		};
		DFF5274629DBF051006B8558 /* Products */ = {
			isa = PBXGroup;
			children = (
				DFF5274529DBF051006B8558 /* Bankey.app */,
			);
			name = Products;
			sourceTree = "<group>";
		};
		DFF5274729DBF051006B8558 /* Bankey */ = {
			isa = PBXGroup;
			children = (
				DF4CDC502A0DD84800AB38BA /* Utils */,
				DFD1356029DCCE5000607706 /* Onboarding */,
				DFF5276129DBF18F006B8558 /* Login */,
				DFF5274829DBF051006B8558 /* AppDelegate.swift */,
				DFF5276029DBF17B006B8558 /* Files */,
			);
			path = Bankey;
			sourceTree = "<group>";
		};
		DFF5276029DBF17B006B8558 /* Files */ = {
			isa = PBXGroup;
			children = (
				DFF5275129DBF052006B8558 /* Assets.xcassets */,
				DFF5275329DBF052006B8558 /* LaunchScreen.storyboard */,
				DFF5275629DBF052006B8558 /* Info.plist */,
			);
			name = Files;
			sourceTree = "<group>";
		};
		DFF5276129DBF18F006B8558 /* Login */ = {
			isa = PBXGroup;
			children = (
				DFF5275E29DBF145006B8558 /* LoginView.swift */,
				DFF5274C29DBF051006B8558 /* LoginViewController.swift */,
				DF4CDC4E2A0DD0E600AB38BA /* DummyViewController.swift */,
			);
			path = Login;
			sourceTree = "<group>";
		};
/* End PBXGroup section */

/* Begin PBXNativeTarget section */
		DFF5274429DBF051006B8558 /* Bankey */ = {
			isa = PBXNativeTarget;
			buildConfigurationList = DFF5275929DBF052006B8558 /* Build configuration list for PBXNativeTarget "Bankey" */;
			buildPhases = (
				DFF5274129DBF051006B8558 /* Sources */,
				DFF5274229DBF051006B8558 /* Frameworks */,
				DFF5274329DBF051006B8558 /* Resources */,
			);
			buildRules = (
			);
			dependencies = (
			);
			name = Bankey;
			productName = Bankey;
			productReference = DFF5274529DBF051006B8558 /* Bankey.app */;
			productType = "com.apple.product-type.application";
		};
/* End PBXNativeTarget section */

/* Begin PBXProject section */
		DFF5273D29DBF051006B8558 /* Project object */ = {
			isa = PBXProject;
			attributes = {
				BuildIndependentTargetsInParallel = 1;
				LastSwiftUpdateCheck = 1420;
				LastUpgradeCheck = 1420;
				TargetAttributes = {
					DFF5274429DBF051006B8558 = {
						CreatedOnToolsVersion = 14.2;
					};
				};
			};
			buildConfigurationList = DFF5274029DBF051006B8558 /* Build configuration list for PBXProject "Bankey" */;
			compatibilityVersion = "Xcode 14.0";
			developmentRegion = en;
			hasScannedForEncodings = 0;
			knownRegions = (
				en,
				Base,
			);
			mainGroup = DFF5273C29DBF051006B8558;
			productRefGroup = DFF5274629DBF051006B8558 /* Products */;
			projectDirPath = "";
			projectRoot = "";
			targets = (
				DFF5274429DBF051006B8558 /* Bankey */,
			);
		};
/* End PBXProject section */

/* Begin PBXResourcesBuildPhase section */
		DFF5274329DBF051006B8558 /* Resources */ = {
			isa = PBXResourcesBuildPhase;
			buildActionMask = 2147483647;
			files = (
				DFF5275529DBF052006B8558 /* LaunchScreen.storyboard in Resources */,
				DFF5275229DBF052006B8558 /* Assets.xcassets in Resources */,
			);
			runOnlyForDeploymentPostprocessing = 0;
		};
/* End PBXResourcesBuildPhase section */

/* Begin PBXSourcesBuildPhase section */
		DFF5274129DBF051006B8558 /* Sources */ = {
			isa = PBXSourcesBuildPhase;
			buildActionMask = 2147483647;
			files = (
				DFF5275F29DBF145006B8558 /* LoginView.swift in Sources */,
				DF4CDC522A0DD85A00AB38BA /* LocalState.swift in Sources */,
				DF4CDC4F2A0DD0E700AB38BA /* DummyViewController.swift in Sources */,
				DFF5274D29DBF051006B8558 /* LoginViewController.swift in Sources */,
				DFD1356429DD0B4B00607706 /* OnboardingViewController.swift in Sources */,
				DFF5274929DBF051006B8558 /* AppDelegate.swift in Sources */,
				DFD1356229DCCE7C00607706 /* OnboardingContainerViewController.swift in Sources */,
			);
			runOnlyForDeploymentPostprocessing = 0;
		};
/* End PBXSourcesBuildPhase section */

/* Begin PBXVariantGroup section */
		DFF5275329DBF052006B8558 /* LaunchScreen.storyboard */ = {
			isa = PBXVariantGroup;
			children = (
				DFF5275429DBF052006B8558 /* Base */,
			);
			name = LaunchScreen.storyboard;
			sourceTree = "<group>";
		};
/* End PBXVariantGroup section */

/* Begin XCBuildConfiguration section */
		DFF5275729DBF052006B8558 /* Debug */ = {
			isa = XCBuildConfiguration;
			buildSettings = {
				ALWAYS_SEARCH_USER_PATHS = NO;
				CLANG_ANALYZER_NONNULL = YES;
				CLANG_ANALYZER_NUMBER_OBJECT_CONVERSION = YES_AGGRESSIVE;
				CLANG_CXX_LANGUAGE_STANDARD = "gnu++20";
				CLANG_ENABLE_MODULES = YES;
				CLANG_ENABLE_OBJC_ARC = YES;
				CLANG_ENABLE_OBJC_WEAK = YES;
				CLANG_WARN_BLOCK_CAPTURE_AUTORELEASING = YES;
				CLANG_WARN_BOOL_CONVERSION = YES;
				CLANG_WARN_COMMA = YES;
				CLANG_WARN_CONSTANT_CONVERSION = YES;
				CLANG_WARN_DEPRECATED_OBJC_IMPLEMENTATIONS = YES;
				CLANG_WARN_DIRECT_OBJC_ISA_USAGE = YES_ERROR;
				CLANG_WARN_DOCUMENTATION_COMMENTS = YES;
				CLANG_WARN_EMPTY_BODY = YES;
				CLANG_WARN_ENUM_CONVERSION = YES;
				CLANG_WARN_INFINITE_RECURSION = YES;
				CLANG_WARN_INT_CONVERSION = YES;
				CLANG_WARN_NON_LITERAL_NULL_CONVERSION = YES;
				CLANG_WARN_OBJC_IMPLICIT_RETAIN_SELF = YES;
				CLANG_WARN_OBJC_LITERAL_CONVERSION = YES;
				CLANG_WARN_OBJC_ROOT_CLASS = YES_ERROR;
				CLANG_WARN_QUOTED_INCLUDE_IN_FRAMEWORK_HEADER = YES;
				CLANG_WARN_RANGE_LOOP_ANALYSIS = YES;
				CLANG_WARN_STRICT_PROTOTYPES = YES;
				CLANG_WARN_SUSPICIOUS_MOVE = YES;
				CLANG_WARN_UNGUARDED_AVAILABILITY = YES_AGGRESSIVE;
				CLANG_WARN_UNREACHABLE_CODE = YES;
				CLANG_WARN__DUPLICATE_METHOD_MATCH = YES;
				COPY_PHASE_STRIP = NO;
				DEBUG_INFORMATION_FORMAT = dwarf;
				ENABLE_STRICT_OBJC_MSGSEND = YES;
				ENABLE_TESTABILITY = YES;
				GCC_C_LANGUAGE_STANDARD = gnu11;
				GCC_DYNAMIC_NO_PIC = NO;
				GCC_NO_COMMON_BLOCKS = YES;
				GCC_OPTIMIZATION_LEVEL = 0;
				GCC_PREPROCESSOR_DEFINITIONS = (
					"DEBUG=1",
					"$(inherited)",
				);
				GCC_WARN_64_TO_32_BIT_CONVERSION = YES;
				GCC_WARN_ABOUT_RETURN_TYPE = YES_ERROR;
				GCC_WARN_UNDECLARED_SELECTOR = YES;
				GCC_WARN_UNINITIALIZED_AUTOS = YES_AGGRESSIVE;
				GCC_WARN_UNUSED_FUNCTION = YES;
				GCC_WARN_UNUSED_VARIABLE = YES;
				IPHONEOS_DEPLOYMENT_TARGET = 16.2;
				MTL_ENABLE_DEBUG_INFO = INCLUDE_SOURCE;
				MTL_FAST_MATH = YES;
				ONLY_ACTIVE_ARCH = YES;
				SDKROOT = iphoneos;
				SWIFT_ACTIVE_COMPILATION_CONDITIONS = DEBUG;
				SWIFT_OPTIMIZATION_LEVEL = "-Onone";
			};
			name = Debug;
		};
		DFF5275829DBF052006B8558 /* Release */ = {
			isa = XCBuildConfiguration;
			buildSettings = {
				ALWAYS_SEARCH_USER_PATHS = NO;
				CLANG_ANALYZER_NONNULL = YES;
				CLANG_ANALYZER_NUMBER_OBJECT_CONVERSION = YES_AGGRESSIVE;
				CLANG_CXX_LANGUAGE_STANDARD = "gnu++20";
				CLANG_ENABLE_MODULES = YES;
				CLANG_ENABLE_OBJC_ARC = YES;
				CLANG_ENABLE_OBJC_WEAK = YES;
				CLANG_WARN_BLOCK_CAPTURE_AUTORELEASING = YES;
				CLANG_WARN_BOOL_CONVERSION = YES;
				CLANG_WARN_COMMA = YES;
				CLANG_WARN_CONSTANT_CONVERSION = YES;
				CLANG_WARN_DEPRECATED_OBJC_IMPLEMENTATIONS = YES;
				CLANG_WARN_DIRECT_OBJC_ISA_USAGE = YES_ERROR;
				CLANG_WARN_DOCUMENTATION_COMMENTS = YES;
				CLANG_WARN_EMPTY_BODY = YES;
				CLANG_WARN_ENUM_CONVERSION = YES;
				CLANG_WARN_INFINITE_RECURSION = YES;
				CLANG_WARN_INT_CONVERSION = YES;
				CLANG_WARN_NON_LITERAL_NULL_CONVERSION = YES;
				CLANG_WARN_OBJC_IMPLICIT_RETAIN_SELF = YES;
				CLANG_WARN_OBJC_LITERAL_CONVERSION = YES;
				CLANG_WARN_OBJC_ROOT_CLASS = YES_ERROR;
				CLANG_WARN_QUOTED_INCLUDE_IN_FRAMEWORK_HEADER = YES;
				CLANG_WARN_RANGE_LOOP_ANALYSIS = YES;
				CLANG_WARN_STRICT_PROTOTYPES = YES;
				CLANG_WARN_SUSPICIOUS_MOVE = YES;
				CLANG_WARN_UNGUARDED_AVAILABILITY = YES_AGGRESSIVE;
				CLANG_WARN_UNREACHABLE_CODE = YES;
				CLANG_WARN__DUPLICATE_METHOD_MATCH = YES;
				COPY_PHASE_STRIP = NO;
				DEBUG_INFORMATION_FORMAT = "dwarf-with-dsym";
				ENABLE_NS_ASSERTIONS = NO;
				ENABLE_STRICT_OBJC_MSGSEND = YES;
				GCC_C_LANGUAGE_STANDARD = gnu11;
				GCC_NO_COMMON_BLOCKS = YES;
				GCC_WARN_64_TO_32_BIT_CONVERSION = YES;
				GCC_WARN_ABOUT_RETURN_TYPE = YES_ERROR;
				GCC_WARN_UNDECLARED_SELECTOR = YES;
				GCC_WARN_UNINITIALIZED_AUTOS = YES_AGGRESSIVE;
				GCC_WARN_UNUSED_FUNCTION = YES;
				GCC_WARN_UNUSED_VARIABLE = YES;
				IPHONEOS_DEPLOYMENT_TARGET = 16.2;
				MTL_ENABLE_DEBUG_INFO = NO;
				MTL_FAST_MATH = YES;
				SDKROOT = iphoneos;
				SWIFT_COMPILATION_MODE = wholemodule;
				SWIFT_OPTIMIZATION_LEVEL = "-O";
				VALIDATE_PRODUCT = YES;
			};
			name = Release;
		};
		DFF5275A29DBF052006B8558 /* Debug */ = {
			isa = XCBuildConfiguration;
			buildSettings = {
				ASSETCATALOG_COMPILER_APPICON_NAME = AppIcon;
				ASSETCATALOG_COMPILER_GLOBAL_ACCENT_COLOR_NAME = AccentColor;
				CODE_SIGN_STYLE = Automatic;
				CURRENT_PROJECT_VERSION = 1;
				DEVELOPMENT_TEAM = T83YS468S7;
				GENERATE_INFOPLIST_FILE = YES;
				INFOPLIST_FILE = Bankey/Info.plist;
				INFOPLIST_KEY_UIApplicationSupportsIndirectInputEvents = YES;
				INFOPLIST_KEY_UILaunchStoryboardName = LaunchScreen;
				INFOPLIST_KEY_UISupportedInterfaceOrientations_iPad = "UIInterfaceOrientationPortrait UIInterfaceOrientationPortraitUpsideDown UIInterfaceOrientationLandscapeLeft UIInterfaceOrientationLandscapeRight";
				INFOPLIST_KEY_UISupportedInterfaceOrientations_iPhone = "UIInterfaceOrientationPortrait UIInterfaceOrientationLandscapeLeft UIInterfaceOrientationLandscapeRight";
				LD_RUNPATH_SEARCH_PATHS = (
					"$(inherited)",
					"@executable_path/Frameworks",
				);
				MARKETING_VERSION = 1.0;
				PRODUCT_BUNDLE_IDENTIFIER = None.Bankey;
				PRODUCT_NAME = "$(TARGET_NAME)";
				SWIFT_EMIT_LOC_STRINGS = YES;
				SWIFT_VERSION = 5.0;
				TARGETED_DEVICE_FAMILY = "1,2";
			};
			name = Debug;
		};
		DFF5275B29DBF052006B8558 /* Release */ = {
			isa = XCBuildConfiguration;
			buildSettings = {
				ASSETCATALOG_COMPILER_APPICON_NAME = AppIcon;
				ASSETCATALOG_COMPILER_GLOBAL_ACCENT_COLOR_NAME = AccentColor;
				CODE_SIGN_STYLE = Automatic;
				CURRENT_PROJECT_VERSION = 1;
				DEVELOPMENT_TEAM = T83YS468S7;
				GENERATE_INFOPLIST_FILE = YES;
				INFOPLIST_FILE = Bankey/Info.plist;
				INFOPLIST_KEY_UIApplicationSupportsIndirectInputEvents = YES;
				INFOPLIST_KEY_UILaunchStoryboardName = LaunchScreen;
				INFOPLIST_KEY_UISupportedInterfaceOrientations_iPad = "UIInterfaceOrientationPortrait UIInterfaceOrientationPortraitUpsideDown UIInterfaceOrientationLandscapeLeft UIInterfaceOrientationLandscapeRight";
				INFOPLIST_KEY_UISupportedInterfaceOrientations_iPhone = "UIInterfaceOrientationPortrait UIInterfaceOrientationLandscapeLeft UIInterfaceOrientationLandscapeRight";
				LD_RUNPATH_SEARCH_PATHS = (
					"$(inherited)",
					"@executable_path/Frameworks",
				);
				MARKETING_VERSION = 1.0;
				PRODUCT_BUNDLE_IDENTIFIER = None.Bankey;
				PRODUCT_NAME = "$(TARGET_NAME)";
				SWIFT_EMIT_LOC_STRINGS = YES;
				SWIFT_VERSION = 5.0;
				TARGETED_DEVICE_FAMILY = "1,2";
			};
			name = Release;
		};
/* End XCBuildConfiguration section */

/* Begin XCConfigurationList section */
		DFF5274029DBF051006B8558 /* Build configuration list for PBXProject "Bankey" */ = {
			isa = XCConfigurationList;
			buildConfigurations = (
				DFF5275729DBF052006B8558 /* Debug */,
				DFF5275829DBF052006B8558 /* Release */,
			);
			defaultConfigurationIsVisible = 0;
			defaultConfigurationName = Release;
		};
		DFF5275929DBF052006B8558 /* Build configuration list for PBXNativeTarget "Bankey" */ = {
			isa = XCConfigurationList;
			buildConfigurations = (
				DFF5275A29DBF052006B8558 /* Debug */,
				DFF5275B29DBF052006B8558 /* Release */,
			);
			defaultConfigurationIsVisible = 0;
			defaultConfigurationName = Release;
		};
/* End XCConfigurationList section */
	};
	rootObject = DFF5273D29DBF051006B8558 /* Project object */;
}
